
Microsoft Visual Studio Solution File, Format Version 12.00
# Visual Studio Version 17
VisualStudioVersion = 17.8.34316.72
MinimumVisualStudioVersion = 10.0.40219.1
Project("{FAE04EC0-301F-11D3-BF4B-00C04F79EFBC}") = "GerenciadorDeOVNI", "GerenciadorDeOVNI\GerenciadorDeOVNI.csproj", "{04E35F0D-68CD-498F-835F-8B399260CE07}"
EndProject
Project("{FAE04EC0-301F-11D3-BF4B-00C04F79EFBC}") = "BibliotecaOVNI", "BibliotecaOVNI\BibliotecaOVNI\BibliotecaOVNI.csproj", "{7577C21D-1E10-4713-BC20-5339BEE758AF}"
EndProject
Global
	GlobalSection(SolutionConfigurationPlatforms) = preSolution
		Debug|Any CPU = Debug|Any CPU
		Release|Any CPU = Release|Any CPU
	EndGlobalSection
	GlobalSection(ProjectConfigurationPlatforms) = postSolution
		{04E35F0D-68CD-498F-835F-8B399260CE07}.Debug|Any CPU.ActiveCfg = Debug|Any CPU
		{04E35F0D-68CD-498F-835F-8B399260CE07}.Debug|Any CPU.Build.0 = Debug|Any CPU
		{04E35F0D-68CD-498F-835F-8B399260CE07}.Release|Any CPU.ActiveCfg = Release|Any CPU
		{04E35F0D-68CD-498F-835F-8B399260CE07}.Release|Any CPU.Build.0 = Release|Any CPU
		{7577C21D-1E10-4713-BC20-5339BEE758AF}.Debug|Any CPU.ActiveCfg = Debug|Any CPU
		{7577C21D-1E10-4713-BC20-5339BEE758AF}.Debug|Any CPU.Build.0 = Debug|Any CPU
		{7577C21D-1E10-4713-BC20-5339BEE758AF}.Release|Any CPU.ActiveCfg = Release|Any CPU
		{7577C21D-1E10-4713-BC20-5339BEE758AF}.Release|Any CPU.Build.0 = Release|Any CPU
	EndGlobalSection
	GlobalSection(SolutionProperties) = preSolution
		HideSolutionNode = FALSE
	EndGlobalSection
	GlobalSection(ExtensibilityGlobals) = postSolution
		SolutionGuid = {EC83F9FA-4608-4114-8471-9699C32C3DB4}
	EndGlobalSection
EndGlobal
